
Microsoft Visual Studio Solution File, Format Version 12.00
# Visual Studio Version 16
VisualStudioVersion = 16.0.31515.178
MinimumVisualStudioVersion = 10.0.40219.1
Project("{FAE04EC0-301F-11D3-BF4B-00C04F79EFBC}") = "EpicSpiesChallenge", "EpicSpiesChallenge\EpicSpiesChallenge.csproj", "{7FB43D71-5735-4EA1-AF66-9C5E9F42DA05}"
EndProject
Global
	GlobalSection(SolutionConfigurationPlatforms) = preSolution
		Debug|Any CPU = Debug|Any CPU
		Release|Any CPU = Release|Any CPU
	EndGlobalSection
	GlobalSection(ProjectConfigurationPlatforms) = postSolution
		{7FB43D71-5735-4EA1-AF66-9C5E9F42DA05}.Debug|Any CPU.ActiveCfg = Debug|Any CPU
		{7FB43D71-5735-4EA1-AF66-9C5E9F42DA05}.Debug|Any CPU.Build.0 = Debug|Any CPU
		{7FB43D71-5735-4EA1-AF66-9C5E9F42DA05}.Release|Any CPU.ActiveCfg = Release|Any CPU
		{7FB43D71-5735-4EA1-AF66-9C5E9F42DA05}.Release|Any CPU.Build.0 = Release|Any CPU
	EndGlobalSection
	GlobalSection(SolutionProperties) = preSolution
		HideSolutionNode = FALSE
	EndGlobalSection
	GlobalSection(ExtensibilityGlobals) = postSolution
		SolutionGuid = {0214F8B0-19C1-4D35-940E-465F43E9AF79}
	EndGlobalSection
EndGlobal
